
Microsoft Visual Studio Solution File, Format Version 12.00
# Visual Studio Version 17
VisualStudioVersion = 17.0.31903.59
MinimumVisualStudioVersion = 10.0.40219.1
Project("{2150E333-8FDC-42A3-9474-1A3956D46DE8}") = "src", "src", "{688AC948-EBA0-4BED-BB6D-AB74018DA3B0}"
EndProject
Project("{FAE04EC0-301F-11D3-BF4B-00C04F79EFBC}") = "webapi", "src\webapi\webapi.csproj", "{00D200C3-0B29-4FEB-8DC6-E0DA5CE2F3B3}"
EndProject
Project("{FAE04EC0-301F-11D3-BF4B-00C04F79EFBC}") = "rptapi", "src\rptapi\rptapi.csproj", "{97FBD607-4C07-4857-8510-19F915435A03}"
EndProject
Global
	GlobalSection(SolutionConfigurationPlatforms) = preSolution
		Debug|Any CPU = Debug|Any CPU
		Release|Any CPU = Release|Any CPU
	EndGlobalSection
	GlobalSection(SolutionProperties) = preSolution
		HideSolutionNode = FALSE
	EndGlobalSection
	GlobalSection(ProjectConfigurationPlatforms) = postSolution
		{00D200C3-0B29-4FEB-8DC6-E0DA5CE2F3B3}.Debug|Any CPU.ActiveCfg = Debug|Any CPU
		{00D200C3-0B29-4FEB-8DC6-E0DA5CE2F3B3}.Debug|Any CPU.Build.0 = Debug|Any CPU
		{00D200C3-0B29-4FEB-8DC6-E0DA5CE2F3B3}.Release|Any CPU.ActiveCfg = Release|Any CPU
		{00D200C3-0B29-4FEB-8DC6-E0DA5CE2F3B3}.Release|Any CPU.Build.0 = Release|Any CPU
		{97FBD607-4C07-4857-8510-19F915435A03}.Debug|Any CPU.ActiveCfg = Debug|Any CPU
		{97FBD607-4C07-4857-8510-19F915435A03}.Debug|Any CPU.Build.0 = Debug|Any CPU
		{97FBD607-4C07-4857-8510-19F915435A03}.Release|Any CPU.ActiveCfg = Release|Any CPU
		{97FBD607-4C07-4857-8510-19F915435A03}.Release|Any CPU.Build.0 = Release|Any CPU
	EndGlobalSection
	GlobalSection(NestedProjects) = preSolution
		{00D200C3-0B29-4FEB-8DC6-E0DA5CE2F3B3} = {688AC948-EBA0-4BED-BB6D-AB74018DA3B0}
		{97FBD607-4C07-4857-8510-19F915435A03} = {688AC948-EBA0-4BED-BB6D-AB74018DA3B0}
	EndGlobalSection
EndGlobal
